
Microsoft Visual Studio Solution File, Format Version 12.00
# Visual Studio Version 17
VisualStudioVersion = 17.3.32825.248
MinimumVisualStudioVersion = 10.0.40219.1
Project("{9A19103F-16F7-4668-BE54-9A1E7A4F7556}") = "WebServicesProject", "WebServicesProject\WebServicesProject.csproj", "{9E29AA7B-A077-47CF-A37E-550E956CF24D}"
EndProject
Project("{FAE04EC0-301F-11D3-BF4B-00C04F79EFBC}") = "WebServicesProject.Services", "WebServicesProject.Services\WebServicesProject.Services.csproj", "{4F23E81A-7DC0-45FC-B0CB-CCFA06E641DA}"
EndProject
Global
	GlobalSection(SolutionConfigurationPlatforms) = preSolution
		Debug|Any CPU = Debug|Any CPU
		Release|Any CPU = Release|Any CPU
	EndGlobalSection
	GlobalSection(ProjectConfigurationPlatforms) = postSolution
		{9E29AA7B-A077-47CF-A37E-550E956CF24D}.Debug|Any CPU.ActiveCfg = Debug|Any CPU
		{9E29AA7B-A077-47CF-A37E-550E956CF24D}.Debug|Any CPU.Build.0 = Debug|Any CPU
		{9E29AA7B-A077-47CF-A37E-550E956CF24D}.Release|Any CPU.ActiveCfg = Release|Any CPU
		{9E29AA7B-A077-47CF-A37E-550E956CF24D}.Release|Any CPU.Build.0 = Release|Any CPU
		{4F23E81A-7DC0-45FC-B0CB-CCFA06E641DA}.Debug|Any CPU.ActiveCfg = Debug|Any CPU
		{4F23E81A-7DC0-45FC-B0CB-CCFA06E641DA}.Debug|Any CPU.Build.0 = Debug|Any CPU
		{4F23E81A-7DC0-45FC-B0CB-CCFA06E641DA}.Release|Any CPU.ActiveCfg = Release|Any CPU
		{4F23E81A-7DC0-45FC-B0CB-CCFA06E641DA}.Release|Any CPU.Build.0 = Release|Any CPU
	EndGlobalSection
	GlobalSection(SolutionProperties) = preSolution
		HideSolutionNode = FALSE
	EndGlobalSection
	GlobalSection(ExtensibilityGlobals) = postSolution
		SolutionGuid = {BBD245FE-DBB7-4FD2-A60D-74CFE4FB9E30}
	EndGlobalSection
EndGlobal
